
Microsoft Visual Studio Solution File, Format Version 12.00
# Visual Studio Version 17
VisualStudioVersion = 17.3.32901.215
MinimumVisualStudioVersion = 10.0.40219.1
Project("{FAE04EC0-301F-11D3-BF4B-00C04F79EFBC}") = "KursWork", "KursWork\KursWork.csproj", "{F78A1B6D-1C6E-4988-B7D9-A7EE92A675EE}"
EndProject
Global
	GlobalSection(SolutionConfigurationPlatforms) = preSolution
		Debug|Any CPU = Debug|Any CPU
		Release|Any CPU = Release|Any CPU
	EndGlobalSection
	GlobalSection(ProjectConfigurationPlatforms) = postSolution
		{F78A1B6D-1C6E-4988-B7D9-A7EE92A675EE}.Debug|Any CPU.ActiveCfg = Debug|Any CPU
		{F78A1B6D-1C6E-4988-B7D9-A7EE92A675EE}.Debug|Any CPU.Build.0 = Debug|Any CPU
		{F78A1B6D-1C6E-4988-B7D9-A7EE92A675EE}.Release|Any CPU.ActiveCfg = Release|Any CPU
		{F78A1B6D-1C6E-4988-B7D9-A7EE92A675EE}.Release|Any CPU.Build.0 = Release|Any CPU
	EndGlobalSection
	GlobalSection(SolutionProperties) = preSolution
		HideSolutionNode = FALSE
	EndGlobalSection
	GlobalSection(ExtensibilityGlobals) = postSolution
		SolutionGuid = {F208D518-879C-4FAD-880D-A4D10A6BFDB4}
	EndGlobalSection
EndGlobal
